lockfileVersion: '9.0'

settings:
  autoInstallPeers: true
  excludeLinksFromLockfile: false

importers:

  .:
    devDependencies:
      '@actions/github-script':
        specifier: github:actions/github-script
        version: https://codeload.github.com/actions/github-script/tar.gz/3a2844b7e9c422d3c10d287c895573f7108da1b3
      '@octokit/plugin-rest-endpoint-methods':
        specifier: ^17.0.0
        version: 17.0.0(@octokit/core@7.0.6)
      '@octokit/request-error':
        specifier: ^7.1.0
        version: 7.1.0

packages:

  '@actions/core@1.11.1':
    resolution: {integrity: sha512-hXJCSrkwfA46Vd9Z3q4cpEpHB1rL5NG04+/rbqW9d3+CSvtB1tYe8UTpAlixa1vj0m/ULglfEK2UKxMGxCxv5A==}

  '@actions/exec@1.1.1':
    resolution: {integrity: sha512-+sCcHHbVdk93a0XT19ECtO/gIXoxvdsgQLzb2fE2/5sIZmWQuluYyjPQtrtTHdU1YzTZ7bAPN4sITq2xi1679w==}

  '@actions/github-script@https://codeload.github.com/actions/github-script/tar.gz/3a2844b7e9c422d3c10d287c895573f7108da1b3':
    resolution: {gitHosted: true, integrity: sha512-8ycuXIPYjTQtJUUbjlRvrrdRRyGI06dMCDM/akxV3gEqGUOlhi9v9o4MrpwNFsdRJ1n6umPYJaseE5Wl0x7kkg==, tarball: https://codeload.github.com/actions/github-script/tar.gz/3a2844b7e9c422d3c10d287c895573f7108da1b3}
    version: 9.0.0
    engines: {node: '>=24'}

  '@actions/github@9.1.1':
    resolution: {integrity: sha512-tL5JbYOBZHc0ngEnCsaDcryUizIUIlQyIMwy1Wkx93H5HzbBJ7TbiPx2PnFjBwZW0Vh05JmfFZhecE6gglYegA==}

  '@actions/glob@0.4.0':
    resolution: {integrity: sha512-+eKIGFhsFa4EBwaf/GMyzCdWrXWymGXfFmZU3FHQvYS8mPcHtTtZONbkcqqUMzw9mJ/pImEBFET1JNifhqGsAQ==}

  '@actions/http-client@2.2.3':
    resolution: {integrity: sha512-mx8hyJi/hjFvbPokCg4uRd4ZX78t+YyRPtnKWwIl+RzNaVuFpQHfmlGVfsKEJN8LwTCvL+DfVgAM04XaHkm6bA==}

  '@actions/http-client@3.0.2':
    resolution: {integrity: sha512-JP38FYYpyqvUsz+Igqlc/JG6YO9PaKuvqjM3iGvaLqFnJ7TFmcLyy2IDrY0bI0qCQug8E9K+elv5ZNfw62ZJzA==}

  '@actions/io@1.1.3':
    resolution: {integrity: sha512-wi9JjgKLYS7U/z8PPbco+PvTb/nRWjeoFlJ1Qer83k/3C5PHQi28hiVdeE2kHXmIL99mQFawx8qt/JPjZilJ8Q==}

  '@fastify/busboy@2.1.1':
    resolution: {integrity: sha512-vBZP4NlzfOlerQTnba4aqZoMhE/a9HY7HRqoOPaETQcSQuWEIyZMHGfVu6w9wGtGK5fED5qRs2DteVCjOH60sA==}
    engines: {node: '>=14'}

  '@octokit/auth-token@6.0.0':
    resolution: {integrity: sha512-P4YJBPdPSpWTQ1NU4XYdvHvXJJDxM6YwpS0FZHRgP7YFkdVxsWcpWGy/NVqlAA7PcPCnMacXlRm1y2PFZRWL/w==}
    engines: {node: '>= 20'}

  '@octokit/core@7.0.6':
    resolution: {integrity: sha512-DhGl4xMVFGVIyMwswXeyzdL4uXD5OGILGX5N8Y+f6W7LhC1Ze2poSNrkF/fedpVDHEEZ+PHFW0vL14I+mm8K3Q==}
    engines: {node: '>= 20'}

  '@octokit/endpoint@11.0.3':
    resolution: {integrity: sha512-FWFlNxghg4HrXkD3ifYbS/IdL/mDHjh9QcsNyhQjN8dplUoZbejsdpmuqdA76nxj2xoWPs7p8uX2SNr9rYu0Ag==}
    engines: {node: '>= 20'}

  '@octokit/graphql@9.0.3':
    resolution: {integrity: sha512-grAEuupr/C1rALFnXTv6ZQhFuL1D8G5y8CN04RgrO4FIPMrtm+mcZzFG7dcBm+nq+1ppNixu+Jd78aeJOYxlGA==}
    engines: {node: '>= 20'}

  '@octokit/openapi-types@27.0.0':
    resolution: {integrity: sha512-whrdktVs1h6gtR+09+QsNk2+FO+49j6ga1c55YZudfEG+oKJVvJLQi3zkOm5JjiUXAagWK2tI2kTGKJ2Ys7MGA==}

  '@octokit/plugin-paginate-rest@14.0.0':
    resolution: {integrity: sha512-fNVRE7ufJiAA3XUrha2omTA39M6IXIc6GIZLvlbsm8QOQCYvpq/LkMNGyFlB1d8hTDzsAXa3OKtybdMAYsV/fw==}
    engines: {node: '>= 20'}
    peerDependencies:
      '@octokit/core': '>=6'

  '@octokit/plugin-request-log@6.0.0':
    resolution: {integrity: sha512-UkOzeEN3W91/eBq9sPZNQ7sUBvYCqYbrrD8gTbBuGtHEuycE4/awMXcYvx6sVYo7LypPhmQwwpUe4Yyu4QZN5Q==}
    engines: {node: '>= 20'}
    peerDependencies:
      '@octokit/core': '>=6'

  '@octokit/plugin-rest-endpoint-methods@17.0.0':
    resolution: {integrity: sha512-B5yCyIlOJFPqUUeiD0cnBJwWJO8lkJs5d8+ze9QDP6SvfiXSz1BF+91+0MeI1d2yxgOhU/O+CvtiZ9jSkHhFAw==}
    engines: {node: '>= 20'}
    peerDependencies:
      '@octokit/core': '>=6'

  '@octokit/plugin-retry@8.1.0':
    resolution: {integrity: sha512-O1FZgXeiGb2sowEr/hYTr6YunGdSAFWnr2fyW39Ah85H8O33ELASQxcvOFF5LE6Tjekcyu2ms4qAzJVhSaJxTw==}
    engines: {node: '>= 20'}
    peerDependencies:
      '@octokit/core': '>=7'

  '@octokit/request-error@7.1.0':
    resolution: {integrity: sha512-KMQIfq5sOPpkQYajXHwnhjCC0slzCNScLHs9JafXc4RAJI+9f+jNDlBNaIMTvazOPLgb4BnlhGJOTbnN0wIjPw==}
    engines: {node: '>= 20'}

  '@octokit/request@10.0.10':
    resolution: {integrity: sha512-KxNC2pTqqhszMNrf12ZRd4PonRgyJdsM4F/jySiddQK+DsRcfBtUvqn8t7UsyZhnRJHvX46OohDt5N3VqIWC2w==}
    engines: {node: '>= 20'}

  '@octokit/types@16.0.0':
    resolution: {integrity: sha512-sKq+9r1Mm4efXW1FCk7hFSeJo4QKreL/tTbR0rz/qx/r1Oa2VV83LTA/H/MuCOX7uCIJmQVRKBcbmWoySjAnSg==}

  '@types/node@24.13.1':
    resolution: {integrity: sha512-RSpUJGmvsJ1ZeBehQZFhIdpsz+bIpES0nIQXko4Ybq+N+kX6XvOq3Jo+iJ82FWLdblFq85AsMikd3m35jgezYg==}

  balanced-match@1.0.2:
    resolution: {integrity: sha512-3oSeUO0TMV67hN1AmbXsK4yaqU7tjiHlbxRDZOpH0KW9+CeX4bRAaX0Anxt0tx2MrpRpWwQaPwIlISEJhYU5Pw==}

  before-after-hook@4.0.0:
    resolution: {integrity: sha512-q6tR3RPqIB1pMiTRMFcZwuG5T8vwp+vUvEG0vuI6B+Rikh5BfPp2fQ82c925FOs+b0lcFQ8CFrL+KbilfZFhOQ==}

  bottleneck@2.19.5:
    resolution: {integrity: sha512-VHiNCbI1lKdl44tGrhNfU3lup0Tj/ZBMJB5/2ZbNXRCPuRCO7ed2mgcK4r17y+KB2EfuYuRaVlwNbAeaWGSpbw==}

  brace-expansion@1.1.15:
    resolution: {integrity: sha512-EwOCDEex4quD37XhqM3omwtMoJjr//isUZz1JopUNWms+4Z2ViyM/k1YIRePpoVNnQhENnxtFjLaxNHrT7xIUg==}

  concat-map@0.0.1:
    resolution: {integrity: sha512-/Srv4dswyQNBfohGpz9o6Yb3Gz3SrUDqBH5rTuhGR7ahtlbYKnVxw2bCFMRljaA7EXHaXZ8wsHdodFvbkhKmqg==}

  content-type@2.0.0:
    resolution: {integrity: sha512-j/O/d7GcZCyNl7/hwZAb606rzqkyvaDctLmckbxLzHvFBzTJHuGEdodATcP3yIRoDrLHkIATJuvzbFlp/ki2cQ==}
    engines: {node: '>=18'}

  json-with-bigint@3.5.8:
    resolution: {integrity: sha512-eq/4KP6K34kwa7TcFdtvnftvHCD9KvHOGGICWwMFc4dOOKF5t4iYqnfLK8otCRCRv06FXOzGGyqE8h8ElMvvdw==}

  minimatch@3.1.5:
    resolution: {integrity: sha512-VgjWUsnnT6n+NUk6eZq77zeFdpW2LWDzP6zFGrCbHXiYNul5Dzqk2HHQ5uFH2DNW5Xbp8+jVzaeNt94ssEEl4w==}

  tunnel@0.0.6:
    resolution: {integrity: sha512-1h/Lnq9yajKY2PEbBadPXj3VxsDDu844OnaAo52UVmIzIvwwtBPIuNvkjuzBlTWpfJyUbG3ez0KSBibQkj4ojg==}
    engines: {node: '>=0.6.11 <=0.7.0 || >=0.7.3'}

  undici-types@7.18.2:
    resolution: {integrity: sha512-AsuCzffGHJybSaRrmr5eHr81mwJU3kjw6M+uprWvCXiNeN9SOGwQ3Jn8jb8m3Z6izVgknn1R0FTCEAP2QrLY/w==}

  undici@5.29.0:
    resolution: {integrity: sha512-raqeBD6NQK4SkWhQzeYKd1KmIG6dllBOTt55Rmkt4HtI9mwdWtJljnrXjAFUBLTSN67HWrOIZ3EPF4kjUw80Bg==}
    engines: {node: '>=14.0'}

  undici@6.26.0:
    resolution: {integrity: sha512-4yqz8a3n5HmGTlsbADNtr/dJlhkh/55Rq798G6ibiULcXbDtaLpTl1pvdqcbFfeoj3iSi52lePFM7h9H21cw/A==}
    engines: {node: '>=18.17'}

  universal-user-agent@7.0.3:
    resolution: {integrity: sha512-TmnEAEAsBJVZM/AADELsK76llnwcf9vMKuPz8JflO1frO8Lchitr0fNaN9d+Ap0BjKtqWqd/J17qeDnXh8CL2A==}

snapshots:

  '@actions/core@1.11.1':
    dependencies:
      '@actions/exec': 1.1.1
      '@actions/http-client': 2.2.3

  '@actions/exec@1.1.1':
    dependencies:
      '@actions/io': 1.1.3

  '@actions/github-script@https://codeload.github.com/actions/github-script/tar.gz/3a2844b7e9c422d3c10d287c895573f7108da1b3':
    dependencies:
      '@actions/core': 1.11.1
      '@actions/exec': 1.1.1
      '@actions/github': 9.1.1
      '@actions/glob': 0.4.0
      '@actions/io': 1.1.3
      '@octokit/core': 7.0.6
      '@octokit/plugin-request-log': 6.0.0(@octokit/core@7.0.6)
      '@octokit/plugin-retry': 8.1.0(@octokit/core@7.0.6)
      '@types/node': 24.13.1

  '@actions/github@9.1.1':
    dependencies:
      '@actions/http-client': 3.0.2
      '@octokit/core': 7.0.6
      '@octokit/plugin-paginate-rest': 14.0.0(@octokit/core@7.0.6)
      '@octokit/plugin-rest-endpoint-methods': 17.0.0(@octokit/core@7.0.6)
      '@octokit/request': 10.0.10
      '@octokit/request-error': 7.1.0
      undici: 6.26.0

  '@actions/glob@0.4.0':
    dependencies:
      '@actions/core': 1.11.1
      minimatch: 3.1.5

  '@actions/http-client@2.2.3':
    dependencies:
      tunnel: 0.0.6
      undici: 5.29.0

  '@actions/http-client@3.0.2':
    dependencies:
      tunnel: 0.0.6
      undici: 6.26.0

  '@actions/io@1.1.3': {}

  '@fastify/busboy@2.1.1': {}

  '@octokit/auth-token@6.0.0': {}

  '@octokit/core@7.0.6':
    dependencies:
      '@octokit/auth-token': 6.0.0
      '@octokit/graphql': 9.0.3
      '@octokit/request': 10.0.10
      '@octokit/request-error': 7.1.0
      '@octokit/types': 16.0.0
      before-after-hook: 4.0.0
      universal-user-agent: 7.0.3

  '@octokit/endpoint@11.0.3':
    dependencies:
      '@octokit/types': 16.0.0
      universal-user-agent: 7.0.3

  '@octokit/graphql@9.0.3':
    dependencies:
      '@octokit/request': 10.0.10
      '@octokit/types': 16.0.0
      universal-user-agent: 7.0.3

  '@octokit/openapi-types@27.0.0': {}

  '@octokit/plugin-paginate-rest@14.0.0(@octokit/core@7.0.6)':
    dependencies:
      '@octokit/core': 7.0.6
      '@octokit/types': 16.0.0

  '@octokit/plugin-request-log@6.0.0(@octokit/core@7.0.6)':
    dependencies:
      '@octokit/core': 7.0.6

  '@octokit/plugin-rest-endpoint-methods@17.0.0(@octokit/core@7.0.6)':
    dependencies:
      '@octokit/core': 7.0.6
      '@octokit/types': 16.0.0

  '@octokit/plugin-retry@8.1.0(@octokit/core@7.0.6)':
    dependencies:
      '@octokit/core': 7.0.6
      '@octokit/request-error': 7.1.0
      '@octokit/types': 16.0.0
      bottleneck: 2.19.5

  '@octokit/request-error@7.1.0':
    dependencies:
      '@octokit/types': 16.0.0

  '@octokit/request@10.0.10':
    dependencies:
      '@octokit/endpoint': 11.0.3
      '@octokit/request-error': 7.1.0
      '@octokit/types': 16.0.0
      content-type: 2.0.0
      json-with-bigint: 3.5.8
      universal-user-agent: 7.0.3

  '@octokit/types@16.0.0':
    dependencies:
      '@octokit/openapi-types': 27.0.0

  '@types/node@24.13.1':
    dependencies:
      undici-types: 7.18.2

  balanced-match@1.0.2: {}

  before-after-hook@4.0.0: {}

  bottleneck@2.19.5: {}

  brace-expansion@1.1.15:
    dependencies:
      balanced-match: 1.0.2
      concat-map: 0.0.1

  concat-map@0.0.1: {}

  content-type@2.0.0: {}

  json-with-bigint@3.5.8: {}

  minimatch@3.1.5:
    dependencies:
      brace-expansion: 1.1.15

  tunnel@0.0.6: {}

  undici-types@7.18.2: {}

  undici@5.29.0:
    dependencies:
      '@fastify/busboy': 2.1.1

  undici@6.26.0: {}

  universal-user-agent@7.0.3: {}
